
Microsoft Visual Studio Solution File, Format Version 12.00
# Visual Studio Version 16
VisualStudioVersion = 25.0.1703.0
MinimumVisualStudioVersion = 10.0.40219.1
Project("{FAE04EC0-301F-11D3-BF4B-00C04F79EFBC}") = "MarketAPI", "Market\MarketAPI.csproj", "{D97B0405-91F2-4754-96A7-4E936D068B78}"
EndProject
Project("{FAE04EC0-301F-11D3-BF4B-00C04F79EFBC}") = "Market.Data", "Market.Data\Market.Data.csproj", "{9245802E-DCB1-442D-87B8-9E4E2085E0BF}"
EndProject
Global
	GlobalSection(SolutionConfigurationPlatforms) = preSolution
		Debug|Any CPU = Debug|Any CPU
		Release|Any CPU = Release|Any CPU
	EndGlobalSection
	GlobalSection(ProjectConfigurationPlatforms) = postSolution
		{D97B0405-91F2-4754-96A7-4E936D068B78}.Debug|Any CPU.ActiveCfg = Debug|Any CPU
		{D97B0405-91F2-4754-96A7-4E936D068B78}.Debug|Any CPU.Build.0 = Debug|Any CPU
		{D97B0405-91F2-4754-96A7-4E936D068B78}.Release|Any CPU.ActiveCfg = Release|Any CPU
		{D97B0405-91F2-4754-96A7-4E936D068B78}.Release|Any CPU.Build.0 = Release|Any CPU
		{9245802E-DCB1-442D-87B8-9E4E2085E0BF}.Debug|Any CPU.ActiveCfg = Debug|Any CPU
		{9245802E-DCB1-442D-87B8-9E4E2085E0BF}.Debug|Any CPU.Build.0 = Debug|Any CPU
		{9245802E-DCB1-442D-87B8-9E4E2085E0BF}.Release|Any CPU.ActiveCfg = Release|Any CPU
		{9245802E-DCB1-442D-87B8-9E4E2085E0BF}.Release|Any CPU.Build.0 = Release|Any CPU
	EndGlobalSection
	GlobalSection(SolutionProperties) = preSolution
		HideSolutionNode = FALSE
	EndGlobalSection
	GlobalSection(ExtensibilityGlobals) = postSolution
		SolutionGuid = {72D03DC3-1F97-4748-AD16-59551DDEA0A7}
	EndGlobalSection
EndGlobal
